NeoBundleLock AnsiEsc.vim d2bb7878622e4c16203acf1c92a0f4bc7ac58003
NeoBundleLock ctrlp.vim 564176f01d7f3f7f8ab452ff4e1f5314de7b0981
NeoBundleLock neobundle.vim eefc3b845612d9476fc43efe495945c32d13cb5d
NeoBundleLock neocomplcache 778181767467b8f8016828898779a646074d883a
NeoBundleLock neosnippet e908126f402c4c0f4ff6b21c9dd0e5349f39e585
NeoBundleLock neosnippet-snippets 4e7b0a3962742eccaae298100e23e599d384ea67
NeoBundleLock nerdtree 4ebbb533c3faf2c480211db2b547972bb3b60f2b
NeoBundleLock tagbar 7b36c46d17d57db34fdb0adac9ba6382d0bb5e66
NeoBundleLock tcomment_vim 7fd7d1da62ae648cf0dc8908c450660bfa1b13b2
NeoBundleLock unite.vim 47db5a4521173372c10d926b88de1fb945690472
NeoBundleLock vim-hybrid cc58baabeabc7b83768e25b852bf89c34756bf90
NeoBundleLock vim-markdown 43bc4bc18c1ea38f609413c8e9ab2995b8bf1a26
NeoBundleLock vim-snippets 732978ab1622c8d6fdf0384cd3b524e3fe7ba5f3
NeoBundleLock vim-vbnet 3b2e941535cd75aca21a1811bb652716d0ce4661
