NeoBundleLock neobundle.vim 0541b3becbb796a3a4c58c91620cde664527179b
NeoBundleLock nerdtree 4ebbb533c3faf2c480211db2b547972bb3b60f2b
NeoBundleLock open-browser.vim 61169d9c614cfead929be33b279e4e644d2c7c55
NeoBundleLock previm b130f24277e3c6a5afa3984921516b0a83b31d28
NeoBundleLock unite.vim c55717e0b1be4edc35256815a898b7e1ecc32b96
NeoBundleLock vim-markdown 21152904788bb285019ae619db89b475bc378cc2
NeoBundleLock vim-scala 3f85f50181259fc89f992d0c58bba3ca9a7c6899
NeoBundleLock vimfiler 0e6f615df4fb53783cc35d6aa07b6f9937a7583e
